
Microsoft Visual Studio Solution File, Format Version 12.00
# Visual Studio Version 17
VisualStudioVersion = 17.14.36811.4
MinimumVisualStudioVersion = 10.0.40219.1
Project("{FAE04EC0-301F-11D3-BF4B-00C04F79EFBC}") = "Elm.API", "ElmAPI\Elm.API.csproj", "{7A08A020-2D14-4A9B-A87D-4288A338F4AC}"
	ProjectSection(ProjectDependencies) = postProject
		{14CE8110-5DB0-424E-BAE9-F96ADBB4AC6E} = {14CE8110-5DB0-424E-BAE9-F96ADBB4AC6E}
		{774879F9-C6A7-4FA1-8176-5BA1E73A7BB1} = {774879F9-C6A7-4FA1-8176-5BA1E73A7BB1}
	EndProjectSection
EndProject
Project("{FAE04EC0-301F-11D3-BF4B-00C04F79EFBC}") = "Elm.Infrastructure", "Elm.Infrastructure\Elm.Infrastructure.csproj", "{774879F9-C6A7-4FA1-8176-5BA1E73A7BB1}"
	ProjectSection(ProjectDependencies) = postProject
		{2844F940-FAF4-4D99-BAD1-CFDA9F61BEA6} = {2844F940-FAF4-4D99-BAD1-CFDA9F61BEA6}
		{4517B15D-9BE8-4567-A7DD-99E3A10F314E} = {4517B15D-9BE8-4567-A7DD-99E3A10F314E}
	EndProjectSection
EndProject
Project("{FAE04EC0-301F-11D3-BF4B-00C04F79EFBC}") = "Elm.Domain", "Elm.Domain\Elm.Domain.csproj", "{4517B15D-9BE8-4567-A7DD-99E3A10F314E}"
EndProject
Project("{FAE04EC0-301F-11D3-BF4B-00C04F79EFBC}") = "Elm.Application.Contracts", "Elm.Application.Contracts\Elm.Application.Contracts.csproj", "{2844F940-FAF4-4D99-BAD1-CFDA9F61BEA6}"
	ProjectSection(ProjectDependencies) = postProject
		{4517B15D-9BE8-4567-A7DD-99E3A10F314E} = {4517B15D-9BE8-4567-A7DD-99E3A10F314E}
	EndProjectSection
EndProject
Project("{FAE04EC0-301F-11D3-BF4B-00C04F79EFBC}") = "Elm.Application", "Elm.Application\Elm.Application.csproj", "{14CE8110-5DB0-424E-BAE9-F96ADBB4AC6E}"
	ProjectSection(ProjectDependencies) = postProject
		{2844F940-FAF4-4D99-BAD1-CFDA9F61BEA6} = {2844F940-FAF4-4D99-BAD1-CFDA9F61BEA6}
	EndProjectSection
EndProject
Global
	GlobalSection(SolutionConfigurationPlatforms) = preSolution
		Debug|Any CPU = Debug|Any CPU
		Release|Any CPU = Release|Any CPU
	EndGlobalSection
	GlobalSection(ProjectConfigurationPlatforms) = postSolution
		{7A08A020-2D14-4A9B-A87D-4288A338F4AC}.Debug|Any CPU.ActiveCfg = Debug|Any CPU
		{7A08A020-2D14-4A9B-A87D-4288A338F4AC}.Debug|Any CPU.Build.0 = Debug|Any CPU
		{7A08A020-2D14-4A9B-A87D-4288A338F4AC}.Release|Any CPU.ActiveCfg = Release|Any CPU
		{7A08A020-2D14-4A9B-A87D-4288A338F4AC}.Release|Any CPU.Build.0 = Release|Any CPU
		{774879F9-C6A7-4FA1-8176-5BA1E73A7BB1}.Debug|Any CPU.ActiveCfg = Debug|Any CPU
		{774879F9-C6A7-4FA1-8176-5BA1E73A7BB1}.Debug|Any CPU.Build.0 = Debug|Any CPU
		{774879F9-C6A7-4FA1-8176-5BA1E73A7BB1}.Release|Any CPU.ActiveCfg = Release|Any CPU
		{774879F9-C6A7-4FA1-8176-5BA1E73A7BB1}.Release|Any CPU.Build.0 = Release|Any CPU
		{4517B15D-9BE8-4567-A7DD-99E3A10F314E}.Debug|Any CPU.ActiveCfg = Debug|Any CPU
		{4517B15D-9BE8-4567-A7DD-99E3A10F314E}.Debug|Any CPU.Build.0 = Debug|Any CPU
		{4517B15D-9BE8-4567-A7DD-99E3A10F314E}.Release|Any CPU.ActiveCfg = Release|Any CPU
		{4517B15D-9BE8-4567-A7DD-99E3A10F314E}.Release|Any CPU.Build.0 = Release|Any CPU
		{2844F940-FAF4-4D99-BAD1-CFDA9F61BEA6}.Debug|Any CPU.ActiveCfg = Debug|Any CPU
		{2844F940-FAF4-4D99-BAD1-CFDA9F61BEA6}.Debug|Any CPU.Build.0 = Debug|Any CPU
		{2844F940-FAF4-4D99-BAD1-CFDA9F61BEA6}.Release|Any CPU.ActiveCfg = Release|Any CPU
		{2844F940-FAF4-4D99-BAD1-CFDA9F61BEA6}.Release|Any CPU.Build.0 = Release|Any CPU
		{14CE8110-5DB0-424E-BAE9-F96ADBB4AC6E}.Debug|Any CPU.ActiveCfg = Debug|Any CPU
		{14CE8110-5DB0-424E-BAE9-F96ADBB4AC6E}.Debug|Any CPU.Build.0 = Debug|Any CPU
		{14CE8110-5DB0-424E-BAE9-F96ADBB4AC6E}.Release|Any CPU.ActiveCfg = Release|Any CPU
		{14CE8110-5DB0-424E-BAE9-F96ADBB4AC6E}.Release|Any CPU.Build.0 = Release|Any CPU
	EndGlobalSection
	GlobalSection(SolutionProperties) = preSolution
		HideSolutionNode = FALSE
	EndGlobalSection
	GlobalSection(ExtensibilityGlobals) = postSolution
		SolutionGuid = {F39547DA-6EEA-4209-A461-83143333ED8D}
	EndGlobalSection
EndGlobal
